// !$*UTF8*$!
{
	archiveVersion = 1;
	classes = {
	};
	objectVersion = 56;
	objects = {

/* Begin PBXBuildFile section */
		E4D3B03F2ADD1BF70094BAE4 /* SocketConnectionApp.swift in Sources */ = {isa = PBXBuildFile; fileRef = E4D3B03E2ADD1BF70094BAE4 /* SocketConnectionApp.swift */; };
		E4D3B0412ADD1BF70094BAE4 /* ContentView.swift in Sources */ = {isa = PBXBuildFile; fileRef = E4D3B0402ADD1BF70094BAE4 /* ContentView.swift */; };
		E4D3B0432ADD1BF90094BAE4 /* Assets.xcassets in Resources */ = {isa = PBXBuildFile; fileRef = E4D3B0422ADD1BF90094BAE4 /* Assets.xcassets */; };
		E4D3B0462ADD1BF90094BAE4 /* Preview Assets.xcassets in Resources */ = {isa = PBXBuildFile; fileRef = E4D3B0452ADD1BF90094BAE4 /* Preview Assets.xcassets */; };
		E4D3B0582ADD2AB00094BAE4 /* SocketIO in Frameworks */ = {isa = PBXBuildFile; productRef = E4D3B0572ADD2AB00094BAE4 /* SocketIO */; };
		E4D3B05B2ADD2C010094BAE4 /* Starscream in Frameworks */ = {isa = PBXBuildFile; productRef = E4D3B05A2ADD2C010094BAE4 /* Starscream */; };
/* End PBXBuildFile section */

/* Begin PBXFileReference section */
		E4D3B03B2ADD1BF70094BAE4 /* SocketConnection.app */ = {isa = PBXFileReference; explicitFileType = wrapper.application; includeInIndex = 0; path = SocketConnection.app; sourceTree = BUILT_PRODUCTS_DIR; };
		E4D3B03E2ADD1BF70094BAE4 /* SocketConnectionApp.swift */ = {isa = PBXFileReference; lastKnownFileType = sourcecode.swift; path = SocketConnectionApp.swift; sourceTree = "<group>"; };
		E4D3B0402ADD1BF70094BAE4 /* ContentView.swift */ = {isa = PBXFileReference; lastKnownFileType = sourcecode.swift; path = ContentView.swift; sourceTree = "<group>"; };
		E4D3B0422ADD1BF90094BAE4 /* Assets.xcassets */ = {isa = PBXFileReference; lastKnownFileType = folder.assetcatalog; path = Assets.xcassets; sourceTree = "<group>"; };
		E4D3B0452ADD1BF90094BAE4 /* Preview Assets.xcassets */ = {isa = PBXFileReference; lastKnownFileType = folder.assetcatalog; path = "Preview Assets.xcassets"; sourceTree = "<group>"; };
/* End PBXFileReference section */

/* Begin PBXFrameworksBuildPhase section */
		E4D3B0382ADD1BF70094BAE4 /* Frameworks */ = {
			isa = PBXFrameworksBuildPhase;
			buildActionMask = 2147483647;
			files = (
				E4D3B0582ADD2AB00094BAE4 /* SocketIO in Frameworks */,
				E4D3B05B2ADD2C010094BAE4 /* Starscream in Frameworks */,
			);
			runOnlyForDeploymentPostprocessing = 0;
		};
/* End PBXFrameworksBuildPhase section */

/* Begin PBXGroup section */
		E4D3B0322ADD1BF70094BAE4 = {
			isa = PBXGroup;
			children = (
				E4D3B03D2ADD1BF70094BAE4 /* SocketConnection */,
				E4D3B03C2ADD1BF70094BAE4 /* Products */,
			);
			sourceTree = "<group>";
		};
		E4D3B03C2ADD1BF70094BAE4 /* Products */ = {
			isa = PBXGroup;
			children = (
				E4D3B03B2ADD1BF70094BAE4 /* SocketConnection.app */,
			);
			name = Products;
			sourceTree = "<group>";
		};
		E4D3B03D2ADD1BF70094BAE4 /* SocketConnection */ = {
			isa = PBXGroup;
			children = (
				E4D3B03E2ADD1BF70094BAE4 /* SocketConnectionApp.swift */,
				E4D3B0402ADD1BF70094BAE4 /* ContentView.swift */,
				E4D3B0422ADD1BF90094BAE4 /* Assets.xcassets */,
				E4D3B0442ADD1BF90094BAE4 /* Preview Content */,
			);
			path = SocketConnection;
			sourceTree = "<group>";
		};
		E4D3B0442ADD1BF90094BAE4 /* Preview Content */ = {
			isa = PBXGroup;
			children = (
				E4D3B0452ADD1BF90094BAE4 /* Preview Assets.xcassets */,
			);
			path = "Preview Content";
			sourceTree = "<group>";
		};
/* End PBXGroup section */

/* Begin PBXNativeTarget section */
		E4D3B03A2ADD1BF70094BAE4 /* SocketConnection */ = {
			isa = PBXNativeTarget;
			buildConfigurationList = E4D3B0492ADD1BF90094BAE4 /* Build configuration list for PBXNativeTarget "SocketConnection" */;
			buildPhases = (
				E4D3B0372ADD1BF70094BAE4 /* Sources */,
				E4D3B0382ADD1BF70094BAE4 /* Frameworks */,
				E4D3B0392ADD1BF70094BAE4 /* Resources */,
			);
			buildRules = (
			);
			dependencies = (
			);
			name = SocketConnection;
			packageProductDependencies = (
				E4D3B0572ADD2AB00094BAE4 /* SocketIO */,
				E4D3B05A2ADD2C010094BAE4 /* Starscream */,
			);
			productName = SocketConnection;
			productReference = E4D3B03B2ADD1BF70094BAE4 /* SocketConnection.app */;
			productType = "com.apple.product-type.application";
		};
/* End PBXNativeTarget section */

/* Begin PBXProject section */
		E4D3B0332ADD1BF70094BAE4 /* Project object */ = {
			isa = PBXProject;
			attributes = {
				BuildIndependentTargetsInParallel = 1;
				LastSwiftUpdateCheck = 1430;
				LastUpgradeCheck = 1430;
				TargetAttributes = {
					E4D3B03A2ADD1BF70094BAE4 = {
						CreatedOnToolsVersion = 14.3;
					};
				};
			};
			buildConfigurationList = E4D3B0362ADD1BF70094BAE4 /* Build configuration list for PBXProject "SocketConnection" */;
			compatibilityVersion = "Xcode 14.0";
			developmentRegion = en;
			hasScannedForEncodings = 0;
			knownRegions = (
				en,
				Base,
			);
			mainGroup = E4D3B0322ADD1BF70094BAE4;
			packageReferences = (
				E4D3B0562ADD2AB00094BAE4 /* XCRemoteSwiftPackageReference "ios-socket" */,
				E4D3B0592ADD2C010094BAE4 /* XCRemoteSwiftPackageReference "Starscream" */,
			);
			productRefGroup = E4D3B03C2ADD1BF70094BAE4 /* Products */;
			projectDirPath = "";
			projectRoot = "";
			targets = (
				E4D3B03A2ADD1BF70094BAE4 /* SocketConnection */,
			);
		};
/* End PBXProject section */

/* Begin PBXResourcesBuildPhase section */
		E4D3B0392ADD1BF70094BAE4 /* Resources */ = {
			isa = PBXResourcesBuildPhase;
			buildActionMask = 2147483647;
			files = (
				E4D3B0462ADD1BF90094BAE4 /* Preview Assets.xcassets in Resources */,
				E4D3B0432ADD1BF90094BAE4 /* Assets.xcassets in Resources */,
			);
			runOnlyForDeploymentPostprocessing = 0;
		};
/* End PBXResourcesBuildPhase section */

/* Begin PBXSourcesBuildPhase section */
		E4D3B0372ADD1BF70094BAE4 /* Sources */ = {
			isa = PBXSourcesBuildPhase;
			buildActionMask = 2147483647;
			files = (
				E4D3B0412ADD1BF70094BAE4 /* ContentView.swift in Sources */,
				E4D3B03F2ADD1BF70094BAE4 /* SocketConnectionApp.swift in Sources */,
			);
			runOnlyForDeploymentPostprocessing = 0;
		};
/* End PBXSourcesBuildPhase section */

/* Begin XCBuildConfiguration section */
		E4D3B0472ADD1BF90094BAE4 /* Debug */ = {
			isa = XCBuildConfiguration;
			buildSettings = {
				ALWAYS_SEARCH_USER_PATHS = NO;
				CLANG_ANALYZER_NONNULL = YES;
				CLANG_ANALYZER_NUMBER_OBJECT_CONVERSION = YES_AGGRESSIVE;
				CLANG_CXX_LANGUAGE_STANDARD = "gnu++20";
				CLANG_ENABLE_MODULES = YES;
				CLANG_ENABLE_OBJC_ARC = YES;
				CLANG_ENABLE_OBJC_WEAK = YES;
				CLANG_WARN_BLOCK_CAPTURE_AUTORELEASING = YES;
				CLANG_WARN_BOOL_CONVERSION = YES;
				CLANG_WARN_COMMA = YES;
				CLANG_WARN_CONSTANT_CONVERSION = YES;
				CLANG_WARN_DEPRECATED_OBJC_IMPLEMENTATIONS = YES;
				CLANG_WARN_DIRECT_OBJC_ISA_USAGE = YES_ERROR;
				CLANG_WARN_DOCUMENTATION_COMMENTS = YES;
				CLANG_WARN_EMPTY_BODY = YES;
				CLANG_WARN_ENUM_CONVERSION = YES;
				CLANG_WARN_INFINITE_RECURSION = YES;
				CLANG_WARN_INT_CONVERSION = YES;
				CLANG_WARN_NON_LITERAL_NULL_CONVERSION = YES;
				CLANG_WARN_OBJC_IMPLICIT_RETAIN_SELF = YES;
				CLANG_WARN_OBJC_LITERAL_CONVERSION = YES;
				CLANG_WARN_OBJC_ROOT_CLASS = YES_ERROR;
				CLANG_WARN_QUOTED_INCLUDE_IN_FRAMEWORK_HEADER = YES;
				CLANG_WARN_RANGE_LOOP_ANALYSIS = YES;
				CLANG_WARN_STRICT_PROTOTYPES = YES;
				CLANG_WARN_SUSPICIOUS_MOVE = YES;
				CLANG_WARN_UNGUARDED_AVAILABILITY = YES_AGGRESSIVE;
				CLANG_WARN_UNREACHABLE_CODE = YES;
				CLANG_WARN__DUPLICATE_METHOD_MATCH = YES;
				COPY_PHASE_STRIP = NO;
				DEBUG_INFORMATION_FORMAT = dwarf;
				ENABLE_STRICT_OBJC_MSGSEND = YES;
				ENABLE_TESTABILITY = YES;
				GCC_C_LANGUAGE_STANDARD = gnu11;
				GCC_DYNAMIC_NO_PIC = NO;
				GCC_NO_COMMON_BLOCKS = YES;
				GCC_OPTIMIZATION_LEVEL = 0;
				GCC_PREPROCESSOR_DEFINITIONS = (
					"DEBUG=1",
					"$(inherited)",
				);
				GCC_WARN_64_TO_32_BIT_CONVERSION = YES;
				GCC_WARN_ABOUT_RETURN_TYPE = YES_ERROR;
				GCC_WARN_UNDECLARED_SELECTOR = YES;
				GCC_WARN_UNINITIALIZED_AUTOS = YES_AGGRESSIVE;
				GCC_WARN_UNUSED_FUNCTION = YES;
				GCC_WARN_UNUSED_VARIABLE = YES;
				IPHONEOS_DEPLOYMENT_TARGET = 16.4;
				MTL_ENABLE_DEBUG_INFO = INCLUDE_SOURCE;
				MTL_FAST_MATH = YES;
				ONLY_ACTIVE_ARCH = YES;
				SDKROOT = iphoneos;
				SWIFT_ACTIVE_COMPILATION_CONDITIONS = DEBUG;
				SWIFT_OPTIMIZATION_LEVEL = "-Onone";
			};
			name = Debug;
		};
		E4D3B0482ADD1BF90094BAE4 /* Release */ = {
			isa = XCBuildConfiguration;
			buildSettings = {
				ALWAYS_SEARCH_USER_PATHS = NO;
				CLANG_ANALYZER_NONNULL = YES;
				CLANG_ANALYZER_NUMBER_OBJECT_CONVERSION = YES_AGGRESSIVE;
				CLANG_CXX_LANGUAGE_STANDARD = "gnu++20";
				CLANG_ENABLE_MODULES = YES;
				CLANG_ENABLE_OBJC_ARC = YES;
				CLANG_ENABLE_OBJC_WEAK = YES;
				CLANG_WARN_BLOCK_CAPTURE_AUTORELEASING = YES;
				CLANG_WARN_BOOL_CONVERSION = YES;
				CLANG_WARN_COMMA = YES;
				CLANG_WARN_CONSTANT_CONVERSION = YES;
				CLANG_WARN_DEPRECATED_OBJC_IMPLEMENTATIONS = YES;
				CLANG_WARN_DIRECT_OBJC_ISA_USAGE = YES_ERROR;
				CLANG_WARN_DOCUMENTATION_COMMENTS = YES;
				CLANG_WARN_EMPTY_BODY = YES;
				CLANG_WARN_ENUM_CONVERSION = YES;
				CLANG_WARN_INFINITE_RECURSION = YES;
				CLANG_WARN_INT_CONVERSION = YES;
				CLANG_WARN_NON_LITERAL_NULL_CONVERSION = YES;
				CLANG_WARN_OBJC_IMPLICIT_RETAIN_SELF = YES;
				CLANG_WARN_OBJC_LITERAL_CONVERSION = YES;
				CLANG_WARN_OBJC_ROOT_CLASS = YES_ERROR;
				CLANG_WARN_QUOTED_INCLUDE_IN_FRAMEWORK_HEADER = YES;
				CLANG_WARN_RANGE_LOOP_ANALYSIS = YES;
				CLANG_WARN_STRICT_PROTOTYPES = YES;
				CLANG_WARN_SUSPICIOUS_MOVE = YES;
				CLANG_WARN_UNGUARDED_AVAILABILITY = YES_AGGRESSIVE;
				CLANG_WARN_UNREACHABLE_CODE = YES;
				CLANG_WARN__DUPLICATE_METHOD_MATCH = YES;
				COPY_PHASE_STRIP = NO;
				DEBUG_INFORMATION_FORMAT = "dwarf-with-dsym";
				ENABLE_NS_ASSERTIONS = NO;
				ENABLE_STRICT_OBJC_MSGSEND = YES;
				GCC_C_LANGUAGE_STANDARD = gnu11;
				GCC_NO_COMMON_BLOCKS = YES;
				GCC_WARN_64_TO_32_BIT_CONVERSION = YES;
				GCC_WARN_ABOUT_RETURN_TYPE = YES_ERROR;
				GCC_WARN_UNDECLARED_SELECTOR = YES;
				GCC_WARN_UNINITIALIZED_AUTOS = YES_AGGRESSIVE;
				GCC_WARN_UNUSED_FUNCTION = YES;
				GCC_WARN_UNUSED_VARIABLE = YES;
				IPHONEOS_DEPLOYMENT_TARGET = 16.4;
				MTL_ENABLE_DEBUG_INFO = NO;
				MTL_FAST_MATH = YES;
				SDKROOT = iphoneos;
				SWIFT_COMPILATION_MODE = wholemodule;
				SWIFT_OPTIMIZATION_LEVEL = "-O";
				VALIDATE_PRODUCT = YES;
			};
			name = Release;
		};
		E4D3B04A2ADD1BF90094BAE4 /* Debug */ = {
			isa = XCBuildConfiguration;
			buildSettings = {
				ASSETCATALOG_COMPILER_APPICON_NAME = AppIcon;
				ASSETCATALOG_COMPILER_GLOBAL_ACCENT_COLOR_NAME = AccentColor;
				CODE_SIGN_STYLE = Automatic;
				CURRENT_PROJECT_VERSION = 1;
				DEVELOPMENT_ASSET_PATHS = "\"SocketConnection/Preview Content\"";
				ENABLE_PREVIEWS = YES;
				GENERATE_INFOPLIST_FILE = YES;
				INFOPLIST_KEY_UIApplicationSceneManifest_Generation = YES;
				INFOPLIST_KEY_UIApplicationSupportsIndirectInputEvents = YES;
				INFOPLIST_KEY_UILaunchScreen_Generation = YES;
				INFOPLIST_KEY_UISupportedInterfaceOrientations_iPad = "UIInterfaceOrientationPortrait UIInterfaceOrientationPortraitUpsideDown UIInterfaceOrientationLandscapeLeft UIInterfaceOrientationLandscapeRight";
				INFOPLIST_KEY_UISupportedInterfaceOrientations_iPhone = "UIInterfaceOrientationPortrait UIInterfaceOrientationLandscapeLeft UIInterfaceOrientationLandscapeRight";
				LD_RUNPATH_SEARCH_PATHS = (
					"$(inherited)",
					"@executable_path/Frameworks",
				);
				MARKETING_VERSION = 1.0;
				PRODUCT_BUNDLE_IDENTIFIER = com.anupdsouza.SocketConnection;
				PRODUCT_NAME = "$(TARGET_NAME)";
				SWIFT_EMIT_LOC_STRINGS = YES;
				SWIFT_VERSION = 5.0;
				TARGETED_DEVICE_FAMILY = "1,2";
			};
			name = Debug;
		};
		E4D3B04B2ADD1BF90094BAE4 /* Release */ = {
			isa = XCBuildConfiguration;
			buildSettings = {
				ASSETCATALOG_COMPILER_APPICON_NAME = AppIcon;
				ASSETCATALOG_COMPILER_GLOBAL_ACCENT_COLOR_NAME = AccentColor;
				CODE_SIGN_STYLE = Automatic;
				CURRENT_PROJECT_VERSION = 1;
				DEVELOPMENT_ASSET_PATHS = "\"SocketConnection/Preview Content\"";
				ENABLE_PREVIEWS = YES;
				GENERATE_INFOPLIST_FILE = YES;
				INFOPLIST_KEY_UIApplicationSceneManifest_Generation = YES;
				INFOPLIST_KEY_UIApplicationSupportsIndirectInputEvents = YES;
				INFOPLIST_KEY_UILaunchScreen_Generation = YES;
				INFOPLIST_KEY_UISupportedInterfaceOrientations_iPad = "UIInterfaceOrientationPortrait UIInterfaceOrientationPortraitUpsideDown UIInterfaceOrientationLandscapeLeft UIInterfaceOrientationLandscapeRight";
				INFOPLIST_KEY_UISupportedInterfaceOrientations_iPhone = "UIInterfaceOrientationPortrait UIInterfaceOrientationLandscapeLeft UIInterfaceOrientationLandscapeRight";
				LD_RUNPATH_SEARCH_PATHS = (
					"$(inherited)",
					"@executable_path/Frameworks",
				);
				MARKETING_VERSION = 1.0;
				PRODUCT_BUNDLE_IDENTIFIER = com.anupdsouza.SocketConnection;
				PRODUCT_NAME = "$(TARGET_NAME)";
				SWIFT_EMIT_LOC_STRINGS = YES;
				SWIFT_VERSION = 5.0;
				TARGETED_DEVICE_FAMILY = "1,2";
			};
			name = Release;
		};
/* End XCBuildConfiguration section */

/* Begin XCConfigurationList section */
		E4D3B0362ADD1BF70094BAE4 /* Build configuration list for PBXProject "SocketConnection" */ = {
			isa = XCConfigurationList;
			buildConfigurations = (
				E4D3B0472ADD1BF90094BAE4 /* Debug */,
				E4D3B0482ADD1BF90094BAE4 /* Release */,
			);
			defaultConfigurationIsVisible = 0;
			defaultConfigurationName = Release;
		};
		E4D3B0492ADD1BF90094BAE4 /* Build configuration list for PBXNativeTarget "SocketConnection" */ = {
			isa = XCConfigurationList;
			buildConfigurations = (
				E4D3B04A2ADD1BF90094BAE4 /* Debug */,
				E4D3B04B2ADD1BF90094BAE4 /* Release */,
			);
			defaultConfigurationIsVisible = 0;
			defaultConfigurationName = Release;
		};
/* End XCConfigurationList section */

/* Begin XCRemoteSwiftPackageReference section */
		E4D3B0562ADD2AB00094BAE4 /* XCRemoteSwiftPackageReference "ios-socket" */ = {
			isa = XCRemoteSwiftPackageReference;
			repositoryURL = "https://github.com/anupdsouza/ios-socket.io-client-swift";
			requirement = {
				branch = master;
				kind = branch;
			};
		};
		E4D3B0592ADD2C010094BAE4 /* XCRemoteSwiftPackageReference "Starscream" */ = {
			isa = XCRemoteSwiftPackageReference;
			repositoryURL = "https://github.com/daltoniam/Starscream";
			requirement = {
				kind = exactVersion;
				version = 4.0.4;
			};
		};
/* End XCRemoteSwiftPackageReference section */

/* Begin XCSwiftPackageProductDependency section */
		E4D3B0572ADD2AB00094BAE4 /* SocketIO */ = {
			isa = XCSwiftPackageProductDependency;
			package = E4D3B0562ADD2AB00094BAE4 /* XCRemoteSwiftPackageReference "ios-socket" */;
			productName = SocketIO;
		};
		E4D3B05A2ADD2C010094BAE4 /* Starscream */ = {
			isa = XCSwiftPackageProductDependency;
			package = E4D3B0592ADD2C010094BAE4 /* XCRemoteSwiftPackageReference "Starscream" */;
			productName = Starscream;
		};
/* End XCSwiftPackageProductDependency section */
	};
	rootObject = E4D3B0332ADD1BF70094BAE4 /* Project object */;
}
